
Microsoft Visual Studio Solution File, Format Version 12.00
# Visual Studio Version 17
VisualStudioVersion = 17.3.32929.385
MinimumVisualStudioVersion = 10.0.40219.1
Project("{FAE04EC0-301F-11D3-BF4B-00C04F79EFBC}") = "Q1", "Q1\Q1.csproj", "{D3CC980F-37A5-4385-90B9-E03E2D81C9CF}"
EndProject
Project("{FAE04EC0-301F-11D3-BF4B-00C04F79EFBC}") = "Q2", "Q2\Q2.csproj", "{747A0118-418D-4BD7-90BB-522B4F2855C2}"
EndProject
Project("{FAE04EC0-301F-11D3-BF4B-00C04F79EFBC}") = "Q3", "Q\Q3.csproj", "{590DB45B-F7EA-4294-B80B-777CE77936EB}"
EndProject
Project("{FAE04EC0-301F-11D3-BF4B-00C04F79EFBC}") = "Q4", "Q5\Q4.csproj", "{B9722C2C-C1D8-46BB-8ED8-D2EAFD630203}"
EndProject
Global
	GlobalSection(SolutionConfigurationPlatforms) = preSolution
		Debug|Any CPU = Debug|Any CPU
		Release|Any CPU = Release|Any CPU
	EndGlobalSection
	GlobalSection(ProjectConfigurationPlatforms) = postSolution
		{D3CC980F-37A5-4385-90B9-E03E2D81C9CF}.Debug|Any CPU.ActiveCfg = Debug|Any CPU
		{D3CC980F-37A5-4385-90B9-E03E2D81C9CF}.Debug|Any CPU.Build.0 = Debug|Any CPU
		{D3CC980F-37A5-4385-90B9-E03E2D81C9CF}.Release|Any CPU.ActiveCfg = Release|Any CPU
		{D3CC980F-37A5-4385-90B9-E03E2D81C9CF}.Release|Any CPU.Build.0 = Release|Any CPU
		{747A0118-418D-4BD7-90BB-522B4F2855C2}.Debug|Any CPU.ActiveCfg = Debug|Any CPU
		{747A0118-418D-4BD7-90BB-522B4F2855C2}.Debug|Any CPU.Build.0 = Debug|Any CPU
		{747A0118-418D-4BD7-90BB-522B4F2855C2}.Release|Any CPU.ActiveCfg = Release|Any CPU
		{747A0118-418D-4BD7-90BB-522B4F2855C2}.Release|Any CPU.Build.0 = Release|Any CPU
		{590DB45B-F7EA-4294-B80B-777CE77936EB}.Debug|Any CPU.ActiveCfg = Debug|Any CPU
		{590DB45B-F7EA-4294-B80B-777CE77936EB}.Debug|Any CPU.Build.0 = Debug|Any CPU
		{590DB45B-F7EA-4294-B80B-777CE77936EB}.Release|Any CPU.ActiveCfg = Release|Any CPU
		{590DB45B-F7EA-4294-B80B-777CE77936EB}.Release|Any CPU.Build.0 = Release|Any CPU
		{B9722C2C-C1D8-46BB-8ED8-D2EAFD630203}.Debug|Any CPU.ActiveCfg = Debug|Any CPU
		{B9722C2C-C1D8-46BB-8ED8-D2EAFD630203}.Debug|Any CPU.Build.0 = Debug|Any CPU
		{B9722C2C-C1D8-46BB-8ED8-D2EAFD630203}.Release|Any CPU.ActiveCfg = Release|Any CPU
		{B9722C2C-C1D8-46BB-8ED8-D2EAFD630203}.Release|Any CPU.Build.0 = Release|Any CPU
	EndGlobalSection
	GlobalSection(SolutionProperties) = preSolution
		HideSolutionNode = FALSE
	EndGlobalSection
	GlobalSection(ExtensibilityGlobals) = postSolution
		SolutionGuid = {A2F140D0-4F17-49AC-802F-0ED4E75E1475}
	EndGlobalSection
EndGlobal
